PODS:
  - device_info_plus_tvos (0.0.1)
  - Firebase/Analytics (12.15.0):
    - Firebase/Core
  - Firebase/Core (12.15.0):
    - Firebase/CoreOnly
    - FirebaseAnalytics (~> 12.15.0)
  - Firebase/CoreOnly (12.15.0):
    - FirebaseCore (~> 12.15.0)
  - Firebase/Messaging (12.15.0):
    - Firebase/CoreOnly
    - FirebaseMessaging (~> 12.15.0)
  - firebase_analytics_tvos (0.0.1):
    - Firebase/Analytics (~> 12.15.0)
    - firebase_core_tvos
  - firebase_core_tvos (0.0.2):
    - Firebase/CoreOnly (~> 12.15.0)
  - firebase_messaging_tvos (0.0.1):
    - Firebase/Messaging (~> 12.15.0)
    - firebase_core_tvos
  - FirebaseAnalytics (12.15.0):
    - FirebaseAnalytics/Default (= 12.15.0)
    - FirebaseCore (~> 12.15.0)
    - FirebaseInstallations (~> 12.15.0)
    - GoogleUtilities/AppDelegateSwizzler (~> 8.1)
    - GoogleUtilities/MethodSwizzler (~> 8.1)
    - GoogleUtilities/Network (~> 8.1)
    - "GoogleUtilities/NSData+zlib (~> 8.1)"
    - nanopb (~> 3.30910.0)
  - FirebaseAnalytics/Default (12.15.0):
    - FirebaseCore (~> 12.15.0)
    - FirebaseInstallations (~> 12.15.0)
    - GoogleAppMeasurement/Default (= 12.15.0)
    - GoogleUtilities/AppDelegateSwizzler (~> 8.1)
    - GoogleUtilities/MethodSwizzler (~> 8.1)
    - GoogleUtilities/Network (~> 8.1)
    - "GoogleUtilities/NSData+zlib (~> 8.1)"
    - nanopb (~> 3.30910.0)
  - FirebaseCore (12.15.0):
    - FirebaseCoreInternal (~> 12.15.0)
    - GoogleUtilities/Environment (~> 8.1)
    - GoogleUtilities/Logger (~> 8.1)
  - FirebaseCoreInternal (12.15.0):
    - "GoogleUtilities/NSData+zlib (~> 8.1)"
  - FirebaseInstallations (12.15.0):
    - FirebaseCore (~> 12.15.0)
    - GoogleUtilities/Environment (~> 8.1)
    - GoogleUtilities/UserDefaults (~> 8.1)
    - PromisesObjC (~> 2.4)
  - FirebaseMessaging (12.15.0):
    - FirebaseCore (~> 12.15.0)
    - FirebaseInstallations (~> 12.15.0)
    - GoogleDataTransport (~> 10.1)
    - GoogleUtilities/AppDelegateSwizzler (~> 8.1)
    - GoogleUtilities/Environment (~> 8.1)
    - GoogleUtilities/Reachability (~> 8.1)
    - GoogleUtilities/UserDefaults (~> 8.1)
    - nanopb (~> 3.30910.0)
  - GoogleAppMeasurement/Core (12.15.0):
    - GoogleUtilities/AppDelegateSwizzler (~> 8.1)
    - GoogleUtilities/MethodSwizzler (~> 8.1)
    - GoogleUtilities/Network (~> 8.1)
    - "GoogleUtilities/NSData+zlib (~> 8.1)"
    - nanopb (~> 3.30910.0)
  - GoogleAppMeasurement/Default (12.15.0):
    - GoogleAdsOnDeviceConversion (~> 3.6.0)
    - GoogleAppMeasurement/Core (= 12.15.0)
    - GoogleAppMeasurement/IdentitySupport (= 12.15.0)
    - GoogleUtilities/AppDelegateSwizzler (~> 8.1)
    - GoogleUtilities/MethodSwizzler (~> 8.1)
    - GoogleUtilities/Network (~> 8.1)
    - "GoogleUtilities/NSData+zlib (~> 8.1)"
    - nanopb (~> 3.30910.0)
  - GoogleAppMeasurement/IdentitySupport (12.15.0):
    - GoogleAppMeasurement/Core (= 12.15.0)
    - GoogleUtilities/AppDelegateSwizzler (~> 8.1)
    - GoogleUtilities/MethodSwizzler (~> 8.1)
    - GoogleUtilities/Network (~> 8.1)
    - "GoogleUtilities/NSData+zlib (~> 8.1)"
    - nanopb (~> 3.30910.0)
  - GoogleDataTransport (10.1.1):
    - nanopb (~> 3.30910.0)
    - PromisesObjC (~> 2.4)
  - GoogleUtilities/AppDelegateSwizzler (8.1.3):
    - GoogleUtilities/Environment
    - GoogleUtilities/Logger
    - GoogleUtilities/Network
    - GoogleUtilities/Privacy
  - GoogleUtilities/Environment (8.1.3):
    - GoogleUtilities/Privacy
  - GoogleUtilities/Logger (8.1.3):
    - GoogleUtilities/Environment
    - GoogleUtilities/Privacy
  - GoogleUtilities/MethodSwizzler (8.1.3):
    - GoogleUtilities/Logger
    - GoogleUtilities/Privacy
  - GoogleUtilities/Network (8.1.3):
    - GoogleUtilities/Logger
    - "GoogleUtilities/NSData+zlib"
    - GoogleUtilities/Privacy
    - GoogleUtilities/Reachability
  - "GoogleUtilities/NSData+zlib (8.1.3)":
    - GoogleUtilities/Privacy
  - GoogleUtilities/Privacy (8.1.3)
  - GoogleUtilities/Reachability (8.1.3):
    - GoogleUtilities/Logger
    - GoogleUtilities/Privacy
  - GoogleUtilities/UserDefaults (8.1.3):
    - GoogleUtilities/Logger
    - GoogleUtilities/Privacy
  - nanopb (3.30910.0):
    - nanopb/decode (= 3.30910.0)
    - nanopb/encode (= 3.30910.0)
  - nanopb/decode (3.30910.0)
  - nanopb/encode (3.30910.0)
  - package_info_plus_tvos (0.0.1)
  - PromisesObjC (2.4.1)
  - sqflite_tvos (0.0.1)
  - video_player_tvos (0.0.1)
  - wakelock_plus_tvos (0.0.1)

DEPENDENCIES:
  - device_info_plus_tvos (from `/Users/nathenbrewer/.pub-cache/hosted/pub.dev/device_info_plus_tvos-0.0.1/tvos`)
  - firebase_analytics_tvos (from `/Users/nathenbrewer/.pub-cache/hosted/pub.dev/firebase_analytics_tvos-0.0.1/tvos`)
  - firebase_core_tvos (from `/Users/nathenbrewer/.pub-cache/hosted/pub.dev/firebase_core_tvos-0.0.2/tvos`)
  - firebase_messaging_tvos (from `/Users/nathenbrewer/.pub-cache/hosted/pub.dev/firebase_messaging_tvos-0.0.1/tvos`)
  - package_info_plus_tvos (from `/Users/nathenbrewer/.pub-cache/hosted/pub.dev/package_info_plus_tvos-0.0.1/tvos`)
  - sqflite_tvos (from `/Users/nathenbrewer/Documents/GitHub/Zangetsu/third_party/sqflite_tvos/tvos`)
  - video_player_tvos (from `/Users/nathenbrewer/.pub-cache/hosted/pub.dev/video_player_tvos-0.0.1/tvos`)
  - wakelock_plus_tvos (from `/Users/nathenbrewer/.pub-cache/hosted/pub.dev/wakelock_plus_tvos-0.0.1/tvos`)

SPEC REPOS:
  trunk:
    - Firebase
    - FirebaseAnalytics
    - FirebaseCore
    - FirebaseCoreInternal
    - FirebaseInstallations
    - FirebaseMessaging
    - GoogleAppMeasurement
    - GoogleDataTransport
    - GoogleUtilities
    - nanopb
    - PromisesObjC

EXTERNAL SOURCES:
  device_info_plus_tvos:
    :path: "/Users/nathenbrewer/.pub-cache/hosted/pub.dev/device_info_plus_tvos-0.0.1/tvos"
  firebase_analytics_tvos:
    :path: "/Users/nathenbrewer/.pub-cache/hosted/pub.dev/firebase_analytics_tvos-0.0.1/tvos"
  firebase_core_tvos:
    :path: "/Users/nathenbrewer/.pub-cache/hosted/pub.dev/firebase_core_tvos-0.0.2/tvos"
  firebase_messaging_tvos:
    :path: "/Users/nathenbrewer/.pub-cache/hosted/pub.dev/firebase_messaging_tvos-0.0.1/tvos"
  package_info_plus_tvos:
    :path: "/Users/nathenbrewer/.pub-cache/hosted/pub.dev/package_info_plus_tvos-0.0.1/tvos"
  sqflite_tvos:
    :path: "/Users/nathenbrewer/Documents/GitHub/Zangetsu/third_party/sqflite_tvos/tvos"
  video_player_tvos:
    :path: "/Users/nathenbrewer/.pub-cache/hosted/pub.dev/video_player_tvos-0.0.1/tvos"
  wakelock_plus_tvos:
    :path: "/Users/nathenbrewer/.pub-cache/hosted/pub.dev/wakelock_plus_tvos-0.0.1/tvos"

SPEC CHECKSUMS:
  device_info_plus_tvos: 78a9b32764ad5d555fedd8fdc9a7f50241cda22e
  Firebase: a8539b633d474fbeb654c7043f9c1649e274045b
  firebase_analytics_tvos: 012d09cdcb80260d8f79886ae21c5c4a5fceff7f
  firebase_core_tvos: d48bfabffaf0dcf8a2ffc07ce2859858823f80a0
  firebase_messaging_tvos: cc823dbc371c1a9313b1ebb9156e4f9f092dfc23
  FirebaseAnalytics: 9c9fa7915fc52ea03077000d5a7b6a8947b2d76e
  FirebaseCore: 2e86a4ea1684d4381707069e4a6d89ac808e901e
  FirebaseCoreInternal: 6ab6a02c94446c026d2cf35cf5383842ebaa4992
  FirebaseInstallations: eb29ccbf64eaedf86fd5b2ccc7fabde567660b52
  FirebaseMessaging: 40017d7bc8457ee295b0f41d480a80fdabc9994e
  GoogleAppMeasurement: a6d37949071d456e9147dac6789c4342e0e7a8c5
  GoogleDataTransport: a24e58982ab3ba2f64d79613e027fe7f57e88539
  GoogleUtilities: 4e0c2ad9fa0d0d18b5c4df8bf57b461cba35b0bb
  nanopb: fad817b59e0457d11a5dfbde799381cd727c1275
  package_info_plus_tvos: 073cd723f2962bcdef16e93e53f001b8f4967c8b
  PromisesObjC: 752c3227f599e3467650e47ea36f433eeb10c273
  sqflite_tvos: de46ff398e88f8a04a66192b0e2f6da6eb5376cd
  video_player_tvos: d8ff3846a49c5603dfcb49c91a6921aef9ce5d46
  wakelock_plus_tvos: 0f67f6936faa0d7548e9bb2d950154a84cf601a3

PODFILE CHECKSUM: 6fa85034ea021a14485d8d5582494ad6d457cdf4

COCOAPODS: 1.17.0
